
Microsoft Visual Studio Solution File, Format Version 12.00
# Visual Studio Version 17
VisualStudioVersion = 17.0.32112.339
MinimumVisualStudioVersion = 10.0.40219.1
Project("{FAE04EC0-301F-11D3-BF4B-00C04F79EFBC}") = "Shopping", "Shopping\Shopping.csproj", "{FE03719F-1560-45D6-A097-2799B1C7651F}"
EndProject
Project("{FAE04EC0-301F-11D3-BF4B-00C04F79EFBC}") = "web-api-tests", "web-api-tests\web-api-tests.csproj", "{355E0F28-7E04-4F2F-822C-46CD09F3D10A}"
EndProject
Global
	GlobalSection(SolutionConfigurationPlatforms) = preSolution
		Debug|Any CPU = Debug|Any CPU
		Release|Any CPU = Release|Any CPU
	EndGlobalSection
	GlobalSection(ProjectConfigurationPlatforms) = postSolution
		{FE03719F-1560-45D6-A097-2799B1C7651F}.Debug|Any CPU.ActiveCfg = Debug|Any CPU
		{FE03719F-1560-45D6-A097-2799B1C7651F}.Debug|Any CPU.Build.0 = Debug|Any CPU
		{FE03719F-1560-45D6-A097-2799B1C7651F}.Release|Any CPU.ActiveCfg = Release|Any CPU
		{FE03719F-1560-45D6-A097-2799B1C7651F}.Release|Any CPU.Build.0 = Release|Any CPU
		{355E0F28-7E04-4F2F-822C-46CD09F3D10A}.Debug|Any CPU.ActiveCfg = Debug|Any CPU
		{355E0F28-7E04-4F2F-822C-46CD09F3D10A}.Debug|Any CPU.Build.0 = Debug|Any CPU
		{355E0F28-7E04-4F2F-822C-46CD09F3D10A}.Release|Any CPU.ActiveCfg = Release|Any CPU
		{355E0F28-7E04-4F2F-822C-46CD09F3D10A}.Release|Any CPU.Build.0 = Release|Any CPU
	EndGlobalSection
	GlobalSection(SolutionProperties) = preSolution
		HideSolutionNode = FALSE
	EndGlobalSection
	GlobalSection(ExtensibilityGlobals) = postSolution
		SolutionGuid = {F423DC86-272C-49E1-BD71-0FBB67BDC6ED}
	EndGlobalSection
EndGlobal
