
Microsoft Visual Studio Solution File, Format Version 12.00
# Visual Studio Version 17
VisualStudioVersion = 17.0.32112.339
MinimumVisualStudioVersion = 10.0.40219.1
Project("{FAE04EC0-301F-11D3-BF4B-00C04F79EFBC}") = "Little", "Little\Little.csproj", "{AEF4BE75-A0C5-45DC-91A8-218486EDDBCB}"
EndProject
Project("{FAE04EC0-301F-11D3-BF4B-00C04F79EFBC}") = "LoggerService", "LoggerService\LoggerService.csproj", "{1F1EAD9A-3EF6-40AF-8E77-0312EE8FB30D}"
EndProject
Project("{FAE04EC0-301F-11D3-BF4B-00C04F79EFBC}") = "Contracts", "Contracts\Contracts.csproj", "{D1324961-C166-4C0B-8EA9-1483FA6AA708}"
EndProject
Project("{FAE04EC0-301F-11D3-BF4B-00C04F79EFBC}") = "Entities", "Entities\Entities.csproj", "{306E081F-5E42-490B-ABEE-6773A1B27663}"
EndProject
Project("{FAE04EC0-301F-11D3-BF4B-00C04F79EFBC}") = "Repository", "Repository\Repository.csproj", "{A532E269-BD60-49F5-89AC-62133E643E39}"
EndProject
Project("{FAE04EC0-301F-11D3-BF4B-00C04F79EFBC}") = "Service.Contracts", "Service.Contracts\Service.Contracts.csproj", "{A7BB8840-9AA9-492D-B156-180F6F57F80A}"
EndProject
Project("{FAE04EC0-301F-11D3-BF4B-00C04F79EFBC}") = "Service", "Service\Service.csproj", "{535F0BEB-D2EB-4971-A4E9-7F2DE799F811}"
EndProject
Global
	GlobalSection(SolutionConfigurationPlatforms) = preSolution
		Debug|Any CPU = Debug|Any CPU
		Release|Any CPU = Release|Any CPU
	EndGlobalSection
	GlobalSection(ProjectConfigurationPlatforms) = postSolution
		{AEF4BE75-A0C5-45DC-91A8-218486EDDBCB}.Debug|Any CPU.ActiveCfg = Debug|Any CPU
		{AEF4BE75-A0C5-45DC-91A8-218486EDDBCB}.Debug|Any CPU.Build.0 = Debug|Any CPU
		{AEF4BE75-A0C5-45DC-91A8-218486EDDBCB}.Release|Any CPU.ActiveCfg = Release|Any CPU
		{AEF4BE75-A0C5-45DC-91A8-218486EDDBCB}.Release|Any CPU.Build.0 = Release|Any CPU
		{1F1EAD9A-3EF6-40AF-8E77-0312EE8FB30D}.Debug|Any CPU.ActiveCfg = Debug|Any CPU
		{1F1EAD9A-3EF6-40AF-8E77-0312EE8FB30D}.Debug|Any CPU.Build.0 = Debug|Any CPU
		{1F1EAD9A-3EF6-40AF-8E77-0312EE8FB30D}.Release|Any CPU.ActiveCfg = Release|Any CPU
		{1F1EAD9A-3EF6-40AF-8E77-0312EE8FB30D}.Release|Any CPU.Build.0 = Release|Any CPU
		{D1324961-C166-4C0B-8EA9-1483FA6AA708}.Debug|Any CPU.ActiveCfg = Debug|Any CPU
		{D1324961-C166-4C0B-8EA9-1483FA6AA708}.Debug|Any CPU.Build.0 = Debug|Any CPU
		{D1324961-C166-4C0B-8EA9-1483FA6AA708}.Release|Any CPU.ActiveCfg = Release|Any CPU
		{D1324961-C166-4C0B-8EA9-1483FA6AA708}.Release|Any CPU.Build.0 = Release|Any CPU
		{306E081F-5E42-490B-ABEE-6773A1B27663}.Debug|Any CPU.ActiveCfg = Debug|Any CPU
		{306E081F-5E42-490B-ABEE-6773A1B27663}.Debug|Any CPU.Build.0 = Debug|Any CPU
		{306E081F-5E42-490B-ABEE-6773A1B27663}.Release|Any CPU.ActiveCfg = Release|Any CPU
		{306E081F-5E42-490B-ABEE-6773A1B27663}.Release|Any CPU.Build.0 = Release|Any CPU
		{A532E269-BD60-49F5-89AC-62133E643E39}.Debug|Any CPU.ActiveCfg = Debug|Any CPU
		{A532E269-BD60-49F5-89AC-62133E643E39}.Debug|Any CPU.Build.0 = Debug|Any CPU
		{A532E269-BD60-49F5-89AC-62133E643E39}.Release|Any CPU.ActiveCfg = Release|Any CPU
		{A532E269-BD60-49F5-89AC-62133E643E39}.Release|Any CPU.Build.0 = Release|Any CPU
		{A7BB8840-9AA9-492D-B156-180F6F57F80A}.Debug|Any CPU.ActiveCfg = Debug|Any CPU
		{A7BB8840-9AA9-492D-B156-180F6F57F80A}.Debug|Any CPU.Build.0 = Debug|Any CPU
		{A7BB8840-9AA9-492D-B156-180F6F57F80A}.Release|Any CPU.ActiveCfg = Release|Any CPU
		{A7BB8840-9AA9-492D-B156-180F6F57F80A}.Release|Any CPU.Build.0 = Release|Any CPU
		{535F0BEB-D2EB-4971-A4E9-7F2DE799F811}.Debug|Any CPU.ActiveCfg = Debug|Any CPU
		{535F0BEB-D2EB-4971-A4E9-7F2DE799F811}.Debug|Any CPU.Build.0 = Debug|Any CPU
		{535F0BEB-D2EB-4971-A4E9-7F2DE799F811}.Release|Any CPU.ActiveCfg = Release|Any CPU
		{535F0BEB-D2EB-4971-A4E9-7F2DE799F811}.Release|Any CPU.Build.0 = Release|Any CPU
	EndGlobalSection
	GlobalSection(SolutionProperties) = preSolution
		HideSolutionNode = FALSE
	EndGlobalSection
	GlobalSection(ExtensibilityGlobals) = postSolution
		SolutionGuid = {C86C9C79-AFBE-45C3-A780-7C749CCC9D1A}
	EndGlobalSection
EndGlobal
